
Microsoft Visual Studio Solution File, Format Version 12.00
# Visual Studio Version 16
VisualStudioVersion = 16.0.30225.117
MinimumVisualStudioVersion = 10.0.40219.1
Project("{8BC9CEB8-8B4A-11D0-8D11-00A0C91BC942}") = "ConsolePurseHandler", "ConsolePurseHandler.vcxproj", "{97B242E0-E956-4FE2-92DA-602CFD12EFFA}"
EndProject
Global
	GlobalSection(SolutionConfigurationPlatforms) = preSolution
		Debug|x64 = Debug|x64
		Debug|x86 = Debug|x86
		Release|x64 = Release|x64
		Release|x86 = Release|x86
	EndGlobalSection
	GlobalSection(ProjectConfigurationPlatforms) = postSolution
		{97B242E0-E956-4FE2-92DA-602CFD12EFFA}.Debug|x64.ActiveCfg = Debug|x64
		{97B242E0-E956-4FE2-92DA-602CFD12EFFA}.Debug|x64.Build.0 = Debug|x64
		{97B242E0-E956-4FE2-92DA-602CFD12EFFA}.Debug|x86.ActiveCfg = Debug|Win32
		{97B242E0-E956-4FE2-92DA-602CFD12EFFA}.Debug|x86.Build.0 = Debug|Win32
		{97B242E0-E956-4FE2-92DA-602CFD12EFFA}.Release|x64.ActiveCfg = Release|x64
		{97B242E0-E956-4FE2-92DA-602CFD12EFFA}.Release|x64.Build.0 = Release|x64
		{97B242E0-E956-4FE2-92DA-602CFD12EFFA}.Release|x86.ActiveCfg = Release|Win32
		{97B242E0-E956-4FE2-92DA-602CFD12EFFA}.Release|x86.Build.0 = Release|Win32
	EndGlobalSection
	GlobalSection(SolutionProperties) = preSolution
		HideSolutionNode = FALSE
	EndGlobalSection
	GlobalSection(ExtensibilityGlobals) = postSolution
		SolutionGuid = {792D3274-D7FF-40D1-85D0-593BAF28A007}
	EndGlobalSection
EndGlobal
